<?xml version="1.0" encoding="utf-8"?>
<Project ToolsVersion="17.0" xmlns="http://schemas.microsoft.com/developer/msbuild/2003">
  <ItemGroup>
    <ClCompile Include="C:\DataStructures\googletest_source\googletest-main\googletest\src\gtest-all.cc">
      <Filter>Source Files</Filter>
    </ClCompile>
    <ClCompile Include="C:\DataStructures\googletest_source\googletest-main\googlemock\src\gmock-all.cc">
      <Filter>Source Files</Filter>
    </ClCompile>
  </ItemGroup>
  <ItemGroup>
    <CustomBuild Include="C:\DataStructures\googletest_source\googletest-main\googlemock\CMakeLists.txt" />
  </ItemGroup>
  <ItemGroup>
    <Filter Include="Source Files">
      <UniqueIdentifier>{91BCC938-2519-38DB-84A8-15D260ED1849}</UniqueIdentifier>
    </Filter>
  </ItemGroup>
</Project>
