<?xml version="1.0" encoding="utf-8"?>
<Project ToolsVersion="17.0" xmlns="http://schemas.microsoft.com/developer/msbuild/2003">
  <ItemGroup>
    <CustomBuild Include="C:\DataStructures\googletest_build\CMakeFiles\3b3bf986a87900f579ab434e17382525\INSTALL_force.rule">
      <Filter>CMake Rules</Filter>
    </CustomBuild>
  </ItemGroup>
  <ItemGroup>
    <Filter Include="CMake Rules">
      <UniqueIdentifier>{6DFC4CBA-E478-353C-9DD5-8D68FD8CB7F9}</UniqueIdentifier>
    </Filter>
  </ItemGroup>
</Project>
